
Microsoft Visual Studio Solution File, Format Version 12.00
# Visual Studio 15
VisualStudioVersion = 15.0.27703.2035
MinimumVisualStudioVersion = 10.0.40219.1
Project("{F184B08F-C81C-45F6-A57F-5ABD9991F28F}") = "frmAssign3", "lab3\frmAssign3.vbproj", "{95159A36-571A-4EBC-A628-A0AAC04AD5F8}"
EndProject
Global
	GlobalSection(SolutionConfigurationPlatforms) = preSolution
		Debug|Any CPU = Debug|Any CPU
		Release|Any CPU = Release|Any CPU
	EndGlobalSection
	GlobalSection(ProjectConfigurationPlatforms) = postSolution
		{95159A36-571A-4EBC-A628-A0AAC04AD5F8}.Debug|Any CPU.ActiveCfg = Debug|Any CPU
		{95159A36-571A-4EBC-A628-A0AAC04AD5F8}.Debug|Any CPU.Build.0 = Debug|Any CPU
		{95159A36-571A-4EBC-A628-A0AAC04AD5F8}.Release|Any CPU.ActiveCfg = Release|Any CPU
		{95159A36-571A-4EBC-A628-A0AAC04AD5F8}.Release|Any CPU.Build.0 = Release|Any CPU
	EndGlobalSection
	GlobalSection(SolutionProperties) = preSolution
		HideSolutionNode = FALSE
	EndGlobalSection
	GlobalSection(ExtensibilityGlobals) = postSolution
		SolutionGuid = {415358D3-83E0-4909-A7FC-9E1CF781E079}
	EndGlobalSection
EndGlobal
